
Microsoft Visual Studio Solution File, Format Version 12.00
# Visual Studio Version 16
VisualStudioVersion = 16.0.33927.289
MinimumVisualStudioVersion = 10.0.40219.1
Project("{8BC9CEB8-8B4A-11D0-8D11-00A0C91BC942}") = "CS580HW5", "CS580HW5.vcxproj", "{317803D5-4F59-487C-A7CF-DB91F8B754E9}"
EndProject
Global
	GlobalSection(SolutionConfigurationPlatforms) = preSolution
		Debug|x86 = Debug|x86
		Release|x86 = Release|x86
	EndGlobalSection
	GlobalSection(ProjectConfigurationPlatforms) = postSolution
		{317803D5-4F59-487C-A7CF-DB91F8B754E9}.Debug|x86.ActiveCfg = Debug|Win32
		{317803D5-4F59-487C-A7CF-DB91F8B754E9}.Debug|x86.Build.0 = Debug|Win32
		{317803D5-4F59-487C-A7CF-DB91F8B754E9}.Release|x86.ActiveCfg = Release|Win32
		{317803D5-4F59-487C-A7CF-DB91F8B754E9}.Release|x86.Build.0 = Release|Win32
	EndGlobalSection
	GlobalSection(SolutionProperties) = preSolution
		HideSolutionNode = FALSE
	EndGlobalSection
	GlobalSection(ExtensibilityGlobals) = postSolution
		SolutionGuid = {AAC6A10E-BF7C-4D9F-91E2-4BBD3D5A6FDB}
	EndGlobalSection
EndGlobal
